// !$*UTF8*$!
{
	archiveVersion = 1;
	classes = {
	};
	objectVersion = 46;
	objects = {

/* Begin PBXBuildFile section */
		02D5B3351F18FF2600E11E17 /* AppDelegate.swift in Sources */ = {isa = PBXBuildFile; fileRef = 02D5B3341F18FF2600E11E17 /* AppDelegate.swift */; };
		02D5B3371F18FF2600E11E17 /* ViewController.swift in Sources */ = {isa = PBXBuildFile; fileRef = 02D5B3361F18FF2600E11E17 /* ViewController.swift */; };
		02D5B33A1F18FF2600E11E17 /* Main.storyboard in Resources */ = {isa = PBXBuildFile; fileRef = 02D5B3381F18FF2600E11E17 /* Main.storyboard */; };
		02D5B33C1F18FF2600E11E17 /* Assets.xcassets in Resources */ = {isa = PBXBuildFile; fileRef = 02D5B33B1F18FF2600E11E17 /* Assets.xcassets */; };
		02D5B33F1F18FF2600E11E17 /* LaunchScreen.storyboard in Resources */ = {isa = PBXBuildFile; fileRef = 02D5B33D1F18FF2600E11E17 /* LaunchScreen.storyboard */; };
		02D5B3471F18FF5100E11E17 /* GoogleService-Info.plist in Resources */ = {isa = PBXBuildFile; fileRef = 02D5B3461F18FF5100E11E17 /* GoogleService-Info.plist */; };
		02D5B3491F18FFFE00E11E17 /* FireSwiftRemoteConfigDefaults.plist in Resources */ = {isa = PBXBuildFile; fileRef = 02D5B3481F18FFFE00E11E17 /* FireSwiftRemoteConfigDefaults.plist */; };
		C4409C29C732CBDB615A91AA /* Pods_HowlRemoteConfig.framework in Frameworks */ = {isa = PBXBuildFile; fileRef = B089029AD4C11D49A26D822E /* Pods_HowlRemoteConfig.framework */; };
/* End PBXBuildFile section */

/* Begin PBXFileReference section */
		02D5B3311F18FF2600E11E17 /* HowlRemoteConfig.app */ = {isa = PBXFileReference; explicitFileType = wrapper.application; includeInIndex = 0; path = HowlRemoteConfig.app; sourceTree = BUILT_PRODUCTS_DIR; };
		02D5B3341F18FF2600E11E17 /* AppDelegate.swift */ = {isa = PBXFileReference; lastKnownFileType = sourcecode.swift; path = AppDelegate.swift; sourceTree = "<group>"; };
		02D5B3361F18FF2600E11E17 /* ViewController.swift */ = {isa = PBXFileReference; lastKnownFileType = sourcecode.swift; path = ViewController.swift; sourceTree = "<group>"; };
		02D5B3391F18FF2600E11E17 /* Base */ = {isa = PBXFileReference; lastKnownFileType = file.storyboard; name = Base; path = Base.lproj/Main.storyboard; sourceTree = "<group>"; };
		02D5B33B1F18FF2600E11E17 /* Assets.xcassets */ = {isa = PBXFileReference; lastKnownFileType = folder.assetcatalog; path = Assets.xcassets; sourceTree = "<group>"; };
		02D5B33E1F18FF2600E11E17 /* Base */ = {isa = PBXFileReference; lastKnownFileType = file.storyboard; name = Base; path = Base.lproj/LaunchScreen.storyboard; sourceTree = "<group>"; };
		02D5B3401F18FF2600E11E17 /* Info.plist */ = {isa = PBXFileReference; lastKnownFileType = text.plist.xml; path = Info.plist; sourceTree = "<group>"; };
		02D5B3461F18FF5100E11E17 /* GoogleService-Info.plist */ = {isa = PBXFileReference; fileEncoding = 4; lastKnownFileType = text.plist.xml; path = "GoogleService-Info.plist"; sourceTree = "<group>"; };
		02D5B3481F18FFFE00E11E17 /* FireSwiftRemoteConfigDefaults.plist */ = {isa = PBXFileReference; fileEncoding = 4; lastKnownFileType = text.plist.xml; path = FireSwiftRemoteConfigDefaults.plist; sourceTree = "<group>"; };
		31E569CFD6D1D823E8C99EA1 /* Pods-HowlRemoteConfig.release.xcconfig */ = {isa = PBXFileReference; includeInIndex = 1; lastKnownFileType = text.xcconfig; name = "Pods-HowlRemoteConfig.release.xcconfig"; path = "Pods/Target Support Files/Pods-HowlRemoteConfig/Pods-HowlRemoteConfig.release.xcconfig"; sourceTree = "<group>"; };
		B089029AD4C11D49A26D822E /* Pods_HowlRemoteConfig.framework */ = {isa = PBXFileReference; explicitFileType = wrapper.framework; includeInIndex = 0; path = Pods_HowlRemoteConfig.framework; sourceTree = BUILT_PRODUCTS_DIR; };
		FEE09E54C3844172DF523B01 /* Pods-HowlRemoteConfig.debug.xcconfig */ = {isa = PBXFileReference; includeInIndex = 1; lastKnownFileType = text.xcconfig; name = "Pods-HowlRemoteConfig.debug.xcconfig"; path = "Pods/Target Support Files/Pods-HowlRemoteConfig/Pods-HowlRemoteConfig.debug.xcconfig"; sourceTree = "<group>"; };
/* End PBXFileReference section */

/* Begin PBXFrameworksBuildPhase section */
		02D5B32E1F18FF2600E11E17 /* Frameworks */ = {
			isa = PBXFrameworksBuildPhase;
			buildActionMask = 2147483647;
			files = (
				C4409C29C732CBDB615A91AA /* Pods_HowlRemoteConfig.framework in Frameworks */,
			);
			runOnlyForDeploymentPostprocessing = 0;
		};
/* End PBXFrameworksBuildPhase section */

/* Begin PBXGroup section */
		02D5B3281F18FF2600E11E17 = {
			isa = PBXGroup;
			children = (
				02D5B3331F18FF2600E11E17 /* HowlRemoteConfig */,
				02D5B3321F18FF2600E11E17 /* Products */,
				21724A7C767A5CCE7B0B0BBA /* Pods */,
				4F55808E4512D6F6C7C1D8E9 /* Frameworks */,
			);
			sourceTree = "<group>";
		};
		02D5B3321F18FF2600E11E17 /* Products */ = {
			isa = PBXGroup;
			children = (
				02D5B3311F18FF2600E11E17 /* HowlRemoteConfig.app */,
			);
			name = Products;
			sourceTree = "<group>";
		};
		02D5B3331F18FF2600E11E17 /* HowlRemoteConfig */ = {
			isa = PBXGroup;
			children = (
				02D5B3461F18FF5100E11E17 /* GoogleService-Info.plist */,
				02D5B3341F18FF2600E11E17 /* AppDelegate.swift */,
				02D5B3361F18FF2600E11E17 /* ViewController.swift */,
				02D5B3381F18FF2600E11E17 /* Main.storyboard */,
				02D5B33B1F18FF2600E11E17 /* Assets.xcassets */,
				02D5B33D1F18FF2600E11E17 /* LaunchScreen.storyboard */,
				02D5B3401F18FF2600E11E17 /* Info.plist */,
				02D5B3481F18FFFE00E11E17 /* FireSwiftRemoteConfigDefaults.plist */,
			);
			path = HowlRemoteConfig;
			sourceTree = "<group>";
		};
		21724A7C767A5CCE7B0B0BBA /* Pods */ = {
			isa = PBXGroup;
			children = (
				FEE09E54C3844172DF523B01 /* Pods-HowlRemoteConfig.debug.xcconfig */,
				31E569CFD6D1D823E8C99EA1 /* Pods-HowlRemoteConfig.release.xcconfig */,
			);
			name = Pods;
			sourceTree = "<group>";
		};
		4F55808E4512D6F6C7C1D8E9 /* Frameworks */ = {
			isa = PBXGroup;
			children = (
				B089029AD4C11D49A26D822E /* Pods_HowlRemoteConfig.framework */,
			);
			name = Frameworks;
			sourceTree = "<group>";
		};
/* End PBXGroup section */

/* Begin PBXNativeTarget section */
		02D5B3301F18FF2600E11E17 /* HowlRemoteConfig */ = {
			isa = PBXNativeTarget;
			buildConfigurationList = 02D5B3431F18FF2600E11E17 /* Build configuration list for PBXNativeTarget "HowlRemoteConfig" */;
			buildPhases = (
				B59C7C220A8706E8879C463E /* [CP] Check Pods Manifest.lock */,
				02D5B32D1F18FF2600E11E17 /* Sources */,
				02D5B32E1F18FF2600E11E17 /* Frameworks */,
				02D5B32F1F18FF2600E11E17 /* Resources */,
				10DFFBC0829199CBC228DFBD /* [CP] Embed Pods Frameworks */,
				171936A32F3165335E5E2B74 /* [CP] Copy Pods Resources */,
			);
			buildRules = (
			);
			dependencies = (
			);
			name = HowlRemoteConfig;
			productName = HowlRemoteConfig;
			productReference = 02D5B3311F18FF2600E11E17 /* HowlRemoteConfig.app */;
			productType = "com.apple.product-type.application";
		};
/* End PBXNativeTarget section */

/* Begin PBXProject section */
		02D5B3291F18FF2600E11E17 /* Project object */ = {
			isa = PBXProject;
			attributes = {
				LastSwiftUpdateCheck = 0830;
				LastUpgradeCheck = 0830;
				ORGANIZATIONNAME = swift;
				TargetAttributes = {
					02D5B3301F18FF2600E11E17 = {
						CreatedOnToolsVersion = 8.3.3;
						ProvisioningStyle = Automatic;
					};
				};
			};
			buildConfigurationList = 02D5B32C1F18FF2600E11E17 /* Build configuration list for PBXProject "HowlRemoteConfig" */;
			compatibilityVersion = "Xcode 3.2";
			developmentRegion = English;
			hasScannedForEncodings = 0;
			knownRegions = (
				en,
				Base,
			);
			mainGroup = 02D5B3281F18FF2600E11E17;
			productRefGroup = 02D5B3321F18FF2600E11E17 /* Products */;
			projectDirPath = "";
			projectRoot = "";
			targets = (
				02D5B3301F18FF2600E11E17 /* HowlRemoteConfig */,
			);
		};
/* End PBXProject section */

/* Begin PBXResourcesBuildPhase section */
		02D5B32F1F18FF2600E11E17 /* Resources */ = {
			isa = PBXResourcesBuildPhase;
			buildActionMask = 2147483647;
			files = (
				02D5B33F1F18FF2600E11E17 /* LaunchScreen.storyboard in Resources */,
				02D5B3471F18FF5100E11E17 /* GoogleService-Info.plist in Resources */,
				02D5B3491F18FFFE00E11E17 /* FireSwiftRemoteConfigDefaults.plist in Resources */,
				02D5B33C1F18FF2600E11E17 /* Assets.xcassets in Resources */,
				02D5B33A1F18FF2600E11E17 /* Main.storyboard in Resources */,
			);
			runOnlyForDeploymentPostprocessing = 0;
		};
/* End PBXResourcesBuildPhase section */

/* Begin PBXShellScriptBuildPhase section */
		10DFFBC0829199CBC228DFBD /* [CP] Embed Pods Frameworks */ = {
			isa = PBXShellScriptBuildPhase;
			buildActionMask = 2147483647;
			files = (
			);
			inputPaths = (
			);
			name = "[CP] Embed Pods Frameworks";
			outputPaths = (
			);
			runOnlyForDeploymentPostprocessing = 0;
			shellPath = /bin/sh;
			shellScript = "\"${SRCROOT}/Pods/Target Support Files/Pods-HowlRemoteConfig/Pods-HowlRemoteConfig-frameworks.sh\"\n";
			showEnvVarsInLog = 0;
		};
		171936A32F3165335E5E2B74 /* [CP] Copy Pods Resources */ = {
			isa = PBXShellScriptBuildPhase;
			buildActionMask = 2147483647;
			files = (
			);
			inputPaths = (
			);
			name = "[CP] Copy Pods Resources";
			outputPaths = (
			);
			runOnlyForDeploymentPostprocessing = 0;
			shellPath = /bin/sh;
			shellScript = "\"${SRCROOT}/Pods/Target Support Files/Pods-HowlRemoteConfig/Pods-HowlRemoteConfig-resources.sh\"\n";
			showEnvVarsInLog = 0;
		};
		B59C7C220A8706E8879C463E /* [CP] Check Pods Manifest.lock */ = {
			isa = PBXShellScriptBuildPhase;
			buildActionMask = 2147483647;
			files = (
			);
			inputPaths = (
			);
			name = "[CP] Check Pods Manifest.lock";
			outputPaths = (
			);
			runOnlyForDeploymentPostprocessing = 0;
			shellPath = /bin/sh;
			shellScript = "diff \"${PODS_ROOT}/../Podfile.lock\" \"${PODS_ROOT}/Manifest.lock\" > /dev/null\nif [ $? != 0 ] ; then\n    # print error to STDERR\n    echo \"error: The sandbox is not in sync with the Podfile.lock. Run 'pod install' or update your CocoaPods installation.\" >&2\n    exit 1\nfi\n";
			showEnvVarsInLog = 0;
		};
/* End PBXShellScriptBuildPhase section */

/* Begin PBXSourcesBuildPhase section */
		02D5B32D1F18FF2600E11E17 /* Sources */ = {
			isa = PBXSourcesBuildPhase;
			buildActionMask = 2147483647;
			files = (
				02D5B3371F18FF2600E11E17 /* ViewController.swift in Sources */,
				02D5B3351F18FF2600E11E17 /* AppDelegate.swift in Sources */,
			);
			runOnlyForDeploymentPostprocessing = 0;
		};
/* End PBXSourcesBuildPhase section */

/* Begin PBXVariantGroup section */
		02D5B3381F18FF2600E11E17 /* Main.storyboard */ = {
			isa = PBXVariantGroup;
			children = (
				02D5B3391F18FF2600E11E17 /* Base */,
			);
			name = Main.storyboard;
			sourceTree = "<group>";
		};
		02D5B33D1F18FF2600E11E17 /* LaunchScreen.storyboard */ = {
			isa = PBXVariantGroup;
			children = (
				02D5B33E1F18FF2600E11E17 /* Base */,
			);
			name = LaunchScreen.storyboard;
			sourceTree = "<group>";
		};
/* End PBXVariantGroup section */

/* Begin XCBuildConfiguration section */
		02D5B3411F18FF2600E11E17 /* Debug */ = {
			isa = XCBuildConfiguration;
			buildSettings = {
				ALWAYS_SEARCH_USER_PATHS = NO;
				CLANG_ANALYZER_NONNULL = YES;
				CLANG_ANALYZER_NUMBER_OBJECT_CONVERSION = YES_AGGRESSIVE;
				CLANG_CXX_LANGUAGE_STANDARD = "gnu++0x";
				CLANG_CXX_LIBRARY = "libc++";
				CLANG_ENABLE_MODULES = YES;
				CLANG_ENABLE_OBJC_ARC = YES;
				CLANG_WARN_BOOL_CONVERSION = YES;
				CLANG_WARN_CONSTANT_CONVERSION = YES;
				CLANG_WARN_DIRECT_OBJC_ISA_USAGE = YES_ERROR;
				CLANG_WARN_DOCUMENTATION_COMMENTS = YES;
				CLANG_WARN_EMPTY_BODY = YES;
				CLANG_WARN_ENUM_CONVERSION = YES;
				CLANG_WARN_INFINITE_RECURSION = YES;
				CLANG_WARN_INT_CONVERSION = YES;
				CLANG_WARN_OBJC_ROOT_CLASS = YES_ERROR;
				CLANG_WARN_SUSPICIOUS_MOVE = YES;
				CLANG_WARN_UNREACHABLE_CODE = YES;
				CLANG_WARN__DUPLICATE_METHOD_MATCH = YES;
				"CODE_SIGN_IDENTITY[sdk=iphoneos*]" = "iPhone Developer";
				COPY_PHASE_STRIP = NO;
				DEBUG_INFORMATION_FORMAT = dwarf;
				ENABLE_STRICT_OBJC_MSGSEND = YES;
				ENABLE_TESTABILITY = YES;
				GCC_C_LANGUAGE_STANDARD = gnu99;
				GCC_DYNAMIC_NO_PIC = NO;
				GCC_NO_COMMON_BLOCKS = YES;
				GCC_OPTIMIZATION_LEVEL = 0;
				GCC_PREPROCESSOR_DEFINITIONS = (
					"DEBUG=1",
					"$(inherited)",
				);
				GCC_WARN_64_TO_32_BIT_CONVERSION = YES;
				GCC_WARN_ABOUT_RETURN_TYPE = YES_ERROR;
				GCC_WARN_UNDECLARED_SELECTOR = YES;
				GCC_WARN_UNINITIALIZED_AUTOS = YES_AGGRESSIVE;
				GCC_WARN_UNUSED_FUNCTION = YES;
				GCC_WARN_UNUSED_VARIABLE = YES;
				IPHONEOS_DEPLOYMENT_TARGET = 10.3;
				MTL_ENABLE_DEBUG_INFO = YES;
				ONLY_ACTIVE_ARCH = YES;
				SDKROOT = iphoneos;
				SWIFT_ACTIVE_COMPILATION_CONDITIONS = DEBUG;
				SWIFT_OPTIMIZATION_LEVEL = "-Onone";
			};
			name = Debug;
		};
		02D5B3421F18FF2600E11E17 /* Release */ = {
			isa = XCBuildConfiguration;
			buildSettings = {
				ALWAYS_SEARCH_USER_PATHS = NO;
				CLANG_ANALYZER_NONNULL = YES;
				CLANG_ANALYZER_NUMBER_OBJECT_CONVERSION = YES_AGGRESSIVE;
				CLANG_CXX_LANGUAGE_STANDARD = "gnu++0x";
				CLANG_CXX_LIBRARY = "libc++";
				CLANG_ENABLE_MODULES = YES;
				CLANG_ENABLE_OBJC_ARC = YES;
				CLANG_WARN_BOOL_CONVERSION = YES;
				CLANG_WARN_CONSTANT_CONVERSION = YES;
				CLANG_WARN_DIRECT_OBJC_ISA_USAGE = YES_ERROR;
				CLANG_WARN_DOCUMENTATION_COMMENTS = YES;
				CLANG_WARN_EMPTY_BODY = YES;
				CLANG_WARN_ENUM_CONVERSION = YES;
				CLANG_WARN_INFINITE_RECURSION = YES;
				CLANG_WARN_INT_CONVERSION = YES;
				CLANG_WARN_OBJC_ROOT_CLASS = YES_ERROR;
				CLANG_WARN_SUSPICIOUS_MOVE = YES;
				CLANG_WARN_UNREACHABLE_CODE = YES;
				CLANG_WARN__DUPLICATE_METHOD_MATCH = YES;
				"CODE_SIGN_IDENTITY[sdk=iphoneos*]" = "iPhone Developer";
				COPY_PHASE_STRIP = NO;
				DEBUG_INFORMATION_FORMAT = "dwarf-with-dsym";
				ENABLE_NS_ASSERTIONS = NO;
				ENABLE_STRICT_OBJC_MSGSEND = YES;
				GCC_C_LANGUAGE_STANDARD = gnu99;
				GCC_NO_COMMON_BLOCKS = YES;
				GCC_WARN_64_TO_32_BIT_CONVERSION = YES;
				GCC_WARN_ABOUT_RETURN_TYPE = YES_ERROR;
				GCC_WARN_UNDECLARED_SELECTOR = YES;
				GCC_WARN_UNINITIALIZED_AUTOS = YES_AGGRESSIVE;
				GCC_WARN_UNUSED_FUNCTION = YES;
				GCC_WARN_UNUSED_VARIABLE = YES;
				IPHONEOS_DEPLOYMENT_TARGET = 10.3;
				MTL_ENABLE_DEBUG_INFO = NO;
				SDKROOT = iphoneos;
				SWIFT_OPTIMIZATION_LEVEL = "-Owholemodule";
				VALIDATE_PRODUCT = YES;
			};
			name = Release;
		};
		02D5B3441F18FF2600E11E17 /* Debug */ = {
			isa = XCBuildConfiguration;
			baseConfigurationReference = FEE09E54C3844172DF523B01 /* Pods-HowlRemoteConfig.debug.xcconfig */;
			buildSettings = {
				ASSETCATALOG_COMPILER_APPICON_NAME = AppIcon;
				INFOPLIST_FILE = HowlRemoteConfig/Info.plist;
				LD_RUNPATH_SEARCH_PATHS = "$(inherited) @executable_path/Frameworks";
				PRODUCT_BUNDLE_IDENTIFIER = com.swift.HowlRemoteConfig;
				PRODUCT_NAME = "$(TARGET_NAME)";
				SWIFT_VERSION = 3.0;
			};
			name = Debug;
		};
		02D5B3451F18FF2600E11E17 /* Release */ = {
			isa = XCBuildConfiguration;
			baseConfigurationReference = 31E569CFD6D1D823E8C99EA1 /* Pods-HowlRemoteConfig.release.xcconfig */;
			buildSettings = {
				ASSETCATALOG_COMPILER_APPICON_NAME = AppIcon;
				INFOPLIST_FILE = HowlRemoteConfig/Info.plist;
				LD_RUNPATH_SEARCH_PATHS = "$(inherited) @executable_path/Frameworks";
				PRODUCT_BUNDLE_IDENTIFIER = com.swift.HowlRemoteConfig;
				PRODUCT_NAME = "$(TARGET_NAME)";
				SWIFT_VERSION = 3.0;
			};
			name = Release;
		};
/* End XCBuildConfiguration section */

/* Begin XCConfigurationList section */
		02D5B32C1F18FF2600E11E17 /* Build configuration list for PBXProject "HowlRemoteConfig" */ = {
			isa = XCConfigurationList;
			buildConfigurations = (
				02D5B3411F18FF2600E11E17 /* Debug */,
				02D5B3421F18FF2600E11E17 /* Release */,
			);
			defaultConfigurationIsVisible = 0;
			defaultConfigurationName = Release;
		};
		02D5B3431F18FF2600E11E17 /* Build configuration list for PBXNativeTarget "HowlRemoteConfig" */ = {
			isa = XCConfigurationList;
			buildConfigurations = (
				02D5B3441F18FF2600E11E17 /* Debug */,
				02D5B3451F18FF2600E11E17 /* Release */,
			);
			defaultConfigurationIsVisible = 0;
			defaultConfigurationName = Release;
		};
/* End XCConfigurationList section */
	};
	rootObject = 02D5B3291F18FF2600E11E17 /* Project object */;
}
